
Microsoft Visual Studio Solution File, Format Version 12.00
# Visual Studio Version 17
VisualStudioVersion = 17.4.33110.190
MinimumVisualStudioVersion = 10.0.40219.1
Project("{FAE04EC0-301F-11D3-BF4B-00C04F79EFBC}") = "ImageMagickExample.Api", "ImageMagickExample.Api\ImageMagickExample.Api.csproj", "{4346DC08-6656-4B40-B03D-E8F3AECD744F}"
EndProject
Global
	GlobalSection(SolutionConfigurationPlatforms) = preSolution
		Debug|Any CPU = Debug|Any CPU
		Release|Any CPU = Release|Any CPU
	EndGlobalSection
	GlobalSection(ProjectConfigurationPlatforms) = postSolution
		{4346DC08-6656-4B40-B03D-E8F3AECD744F}.Debug|Any CPU.ActiveCfg = Debug|Any CPU
		{4346DC08-6656-4B40-B03D-E8F3AECD744F}.Debug|Any CPU.Build.0 = Debug|Any CPU
		{4346DC08-6656-4B40-B03D-E8F3AECD744F}.Release|Any CPU.ActiveCfg = Release|Any CPU
		{4346DC08-6656-4B40-B03D-E8F3AECD744F}.Release|Any CPU.Build.0 = Release|Any CPU
	EndGlobalSection
	GlobalSection(SolutionProperties) = preSolution
		HideSolutionNode = FALSE
	EndGlobalSection
	GlobalSection(ExtensibilityGlobals) = postSolution
		SolutionGuid = {B3399E42-3D33-4EE7-8133-B2FB406E0A4D}
	EndGlobalSection
EndGlobal
